{
    "_meta": {
        "hash": {
            "sha256": "6c1fc324c3740f9dbf78da8d4a3e3b36e26b4aed1b345852c06e1f0f2ebf9ba6"
        },
        "pipfile-spec": 6,
        "requires": {
            "python_version": "3.13"
        },
        "sources": [
            {
                "name": "pypi",
                "url": "https://pypi.org/simple",
                "verify_ssl": true
            }
        ]
    },
    "default": {
        "cffi": {
            "hashes": [
                "sha256:045d61c734659cc045141be4bae381a41d89b741f795af1dd018bfb532fd0df8",
                "sha256:0984a4925a435b1da406122d4d7968dd861c1385afe3b45ba82b750f229811e2",
                "sha256:0e2b1fac190ae3ebfe37b979cc1ce69c81f4e4fe5746bb401dca63a9062cdaf1",
                "sha256:0f048dcf80db46f0098ccac01132761580d28e28bc0f78ae0d58048063317e15",
                "sha256:1257bdabf294dceb59f5e70c64a3e2f462c30c7ad68092d01bbbfb1c16b1ba36",
                "sha256:1c39c6016c32bc48dd54561950ebd6836e1670f2ae46128f67cf49e789c52824",
                "sha256:1d599671f396c4723d016dbddb72fe8e0397082b0a77a4fab8028923bec050e8",
                "sha256:28b16024becceed8c6dfbc75629e27788d8a3f9030691a1dbf9821a128b22c36",
                "sha256:2bb1a08b8008b281856e5971307cc386a8e9c5b625ac297e853d36da6efe9c17",
                "sha256:30c5e0cb5ae493c04c8b42916e52ca38079f1b235c2f8ae5f4527b963c401caf",
                "sha256:31000ec67d4221a71bd3f67df918b1f88f676f1c3b535a7eb473255fdc0b83fc",
                "sha256:386c8bf53c502fff58903061338ce4f4950cbdcb23e2902d86c0f722b786bbe3",
                "sha256:3edc8d958eb099c634dace3c7e16560ae474aa3803a5df240542b305d14e14ed",
                "sha256:45398b671ac6d70e67da8e4224a065cec6a93541bb7aebe1b198a61b58c7b702",
                "sha256:46bf43160c1a35f7ec506d254e5c890f3c03648a4dbac12d624e4490a7046cd1",
                "sha256:4ceb10419a9adf4460ea14cfd6bc43d08701f0835e979bf821052f1805850fe8",
                "sha256:51392eae71afec0d0c8fb1a53b204dbb3bcabcb3c9b807eedf3e1e6ccf2de903",
                "sha256:5da5719280082ac6bd9aa7becb3938dc9f9cbd57fac7d2871717b1feb0902ab6",
                "sha256:610faea79c43e44c71e1ec53a554553fa22321b65fae24889706c0a84d4ad86d",
                "sha256:636062ea65bd0195bc012fea9321aca499c0504409f413dc88af450b57ffd03b",
                "sha256:6883e737d7d9e4899a8a695e00ec36bd4e5e4f18fabe0aca0efe0a4b44cdb13e",
                "sha256:6b8b4a92e1c65048ff98cfe1f735ef8f1ceb72e3d5f0c25fdb12087a23da22be",
                "sha256:6f17be4345073b0a7b8ea599688f692ac3ef23ce28e5df79c04de519dbc4912c",
                "sha256:706510fe141c86a69c8ddc029c7910003a17353970cff3b904ff0686a5927683",
                "sha256:72e72408cad3d5419375fc87d289076ee319835bdfa2caad331e377589aebba9",
                "sha256:733e99bc2df47476e3848417c5a4540522f234dfd4ef3ab7fafdf555b082ec0c",
                "sha256:7596d6620d3fa590f677e9ee430df2958d2d6d6de2feeae5b20e82c00b76fbf8",
                "sha256:78122be759c3f8a014ce010908ae03364d00a1f81ab5c7f4a7a5120607ea56e1",
                "sha256:805b4371bf7197c329fcb3ead37e710d1bca9da5d583f5073b799d5c5bd1eee4",
                "sha256:85a950a4ac9c359340d5963966e3e0a94a676bd6245a4b55bc43949eee26a655",
                "sha256:8f2cdc858323644ab277e9bb925ad72ae0e67f69e804f4898c070998d50b1a67",
                "sha256:9755e4345d1ec879e3849e62222a18c7174d65a6a92d5b346b1863912168b595",
                "sha256:98e3969bcff97cae1b2def8ba499ea3d6f31ddfdb7635374834cf89a1a08ecf0",
                "sha256:a08d7e755f8ed21095a310a693525137cfe756ce62d066e53f502a83dc550f65",
                "sha256:a1ed2dd2972641495a3ec98445e09766f077aee98a1c896dcb4ad0d303628e41",
                "sha256:a24ed04c8ffd54b0729c07cee15a81d964e6fee0e3d4d342a27b020d22959dc6",
                "sha256:a45e3c6913c5b87b3ff120dcdc03f6131fa0065027d0ed7ee6190736a74cd401",
                "sha256:a9b15d491f3ad5d692e11f6b71f7857e7835eb677955c00cc0aefcd0669adaf6",
                "sha256:ad9413ccdeda48c5afdae7e4fa2192157e991ff761e7ab8fdd8926f40b160cc3",
                "sha256:b2ab587605f4ba0bf81dc0cb08a41bd1c0a5906bd59243d56bad7668a6fc6c16",
                "sha256:b62ce867176a75d03a665bad002af8e6d54644fad99a3c70905c543130e39d93",
                "sha256:c03e868a0b3bc35839ba98e74211ed2b05d2119be4e8a0f224fba9384f1fe02e",
                "sha256:c59d6e989d07460165cc5ad3c61f9fd8f1b4796eacbd81cee78957842b834af4",
                "sha256:c7eac2ef9b63c79431bc4b25f1cd649d7f061a28808cbc6c47b534bd789ef964",
                "sha256:c9c3d058ebabb74db66e431095118094d06abf53284d9c81f27300d0e0d8bc7c",
                "sha256:ca74b8dbe6e8e8263c0ffd60277de77dcee6c837a3d0881d8c1ead7268c9e576",
                "sha256:caaf0640ef5f5517f49bc275eca1406b0ffa6aa184892812030f04c2abf589a0",
                "sha256:cdf5ce3acdfd1661132f2a9c19cac174758dc2352bfe37d98aa7512c6b7178b3",
                "sha256:d016c76bdd850f3c626af19b0542c9677ba156e4ee4fccfdd7848803533ef662",
                "sha256:d01b12eeeb4427d3110de311e1774046ad344f5b1a7403101878976ecd7a10f3",
                "sha256:d63afe322132c194cf832bfec0dc69a99fb9bb6bbd550f161a49e9e855cc78ff",
                "sha256:da95af8214998d77a98cc14e3a3bd00aa191526343078b530ceb0bd710fb48a5",
                "sha256:dd398dbc6773384a17fe0d3e7eeb8d1a21c2200473ee6806bb5e6a8e62bb73dd",
                "sha256:de2ea4b5833625383e464549fec1bc395c1bdeeb5f25c4a3a82b5a8c756ec22f",
                "sha256:de55b766c7aa2e2a3092c51e0483d700341182f08e67c63630d5b6f200bb28e5",
                "sha256:df8b1c11f177bc2313ec4b2d46baec87a5f3e71fc8b45dab2ee7cae86d9aba14",
                "sha256:e03eab0a8677fa80d646b5ddece1cbeaf556c313dcfac435ba11f107ba117b5d",
                "sha256:e221cf152cff04059d011ee126477f0d9588303eb57e88923578ace7baad17f9",
                "sha256:e31ae45bc2e29f6b2abd0de1cc3b9d5205aa847cafaecb8af1476a609a2f6eb7",
                "sha256:edae79245293e15384b51f88b00613ba9f7198016a5948b5dddf4917d4d26382",
                "sha256:f1e22e8c4419538cb197e4dd60acc919d7696e5ef98ee4da4e01d3f8cfa4cc5a",
                "sha256:f3a2b4222ce6b60e2e8b337bb9596923045681d71e5a082783484d845390938e",
                "sha256:f6a16c31041f09ead72d69f583767292f750d24913dadacf5756b966aacb3f1a",
                "sha256:f75c7ab1f9e4aca5414ed4d8e5c0e303a34f4421f8a0d47a4d019ceff0ab6af4",
                "sha256:f79fc4fc25f1c8698ff97788206bb3c2598949bfe0fef03d299eb1b5356ada99",
                "sha256:f7f5baafcc48261359e14bcd6d9bff6d4b28d9103847c9e136694cb0501aef87",
                "sha256:fc48c783f9c87e60831201f2cce7f3b2e4846bf4d8728eabe54d60700b318a0b"
            ],
            "markers": "python_version >= '3.8'",
            "version": "==1.17.1"
        },
        "numpy": {
            "hashes": [
                "sha256:02935e2c3c0c6cbe9c7955a8efa8908dd4221d7755644c59d1bba28b94fd334f",
                "sha256:0349b025e15ea9d05c3d63f9657707a4e1d471128a3b1d876c095f328f8ff7f0",
                "sha256:09d6a2032faf25e8d0cadde7fd6145118ac55d2740132c1d845f98721b5ebcfd",
                "sha256:0bc61b307655d1a7f9f4b043628b9f2b721e80839914ede634e3d485913e1fb2",
                "sha256:0eec19f8af947a61e968d5429f0bd92fec46d92b0008d0a6685b40d6adf8a4f4",
                "sha256:106397dbbb1896f99e044efc90360d098b3335060375c26aa89c0d8a97c5f648",
                "sha256:128c41c085cab8a85dc29e66ed88c05613dccf6bc28b3866cd16050a2f5448be",
                "sha256:149d1113ac15005652e8d0d3f6fd599360e1a708a4f98e43c9c77834a28238cb",
                "sha256:159ff6ee4c4a36a23fe01b7c3d07bd8c14cc433d9720f977fcd52c13c0098160",
                "sha256:22ea3bb552ade325530e72a0c557cdf2dea8914d3a5e1fecf58fa5dbcc6f43cd",
                "sha256:23ae9f0c2d889b7b2d88a3791f6c09e2ef827c2446f1c4a3e3e76328ee4afd9a",
                "sha256:250c16b277e3b809ac20d1f590716597481061b514223c7badb7a0f9993c7f84",
                "sha256:2ec6c689c61df613b783aeb21f945c4cbe6c51c28cb70aae8430577ab39f163e",
                "sha256:2ffbb1acd69fdf8e89dd60ef6182ca90a743620957afb7066385a7bbe88dc748",
                "sha256:3074634ea4d6df66be04f6728ee1d173cfded75d002c75fac79503a880bf3825",
                "sha256:356ca982c188acbfa6af0d694284d8cf20e95b1c3d0aefa8929376fea9146f60",
                "sha256:3fbe72d347fbc59f94124125e73fc4976a06927ebc503ec5afbfb35f193cd957",
                "sha256:40c7ff5da22cd391944a28c6a9c638a5eef77fcf71d6e3a79e1d9d9e82752715",
                "sha256:41184c416143defa34cc8eb9d070b0a5ba4f13a0fa96a709e20584638254b317",
                "sha256:451e854cfae0febe723077bd0cf0a4302a5d84ff25f0bfece8f29206c7bed02e",
                "sha256:4525b88c11906d5ab1b0ec1f290996c0020dd318af8b49acaa46f198b1ffc283",
                "sha256:463247edcee4a5537841d5350bc87fe8e92d7dd0e8c71c995d2c6eecb8208278",
                "sha256:4dbd80e453bd34bd003b16bd802fac70ad76bd463f81f0c518d1245b1c55e3d9",
                "sha256:57b4012e04cc12b78590a334907e01b3a85efb2107df2b8733ff1ed05fce71de",
                "sha256:5a8c863ceacae696aff37d1fd636121f1a512117652e5dfb86031c8d84836369",
                "sha256:5acea83b801e98541619af398cc0109ff48016955cc0818f478ee9ef1c5c3dcb",
                "sha256:642199e98af1bd2b6aeb8ecf726972d238c9877b0f6e8221ee5ab945ec8a2189",
                "sha256:64bd6e1762cd7f0986a740fee4dff927b9ec2c5e4d9a28d056eb17d332158014",
                "sha256:6d9fc9d812c81e6168b6d405bf00b8d6739a7f72ef22a9214c4241e0dc70b323",
                "sha256:7079129b64cb78bdc8d611d1fd7e8002c0a2565da6a47c4df8062349fee90e3e",
                "sha256:7dca87ca328f5ea7dafc907c5ec100d187911f94825f8700caac0b3f4c384b49",
                "sha256:860fd59990c37c3ef913c3ae390b3929d005243acca1a86facb0773e2d8d9e50",
                "sha256:8e6da5cffbbe571f93588f562ed130ea63ee206d12851b60819512dd3e1ba50d",
                "sha256:8ec0636d3f7d68520afc6ac2dc4b8341ddb725039de042faf0e311599f54eb37",
                "sha256:9491100aba630910489c1d0158034e1c9a6546f0b1340f716d522dc103788e39",
                "sha256:97b974d3ba0fb4612b77ed35d7627490e8e3dff56ab41454d9e8b23448940576",
                "sha256:995f9e8181723852ca458e22de5d9b7d3ba4da3f11cc1cb113f093b271d7965a",
                "sha256:9dd47ff0cb2a656ad69c38da850df3454da88ee9a6fde0ba79acceee0e79daba",
                "sha256:9fad446ad0bc886855ddf5909cbf8cb5d0faa637aaa6277fb4b19ade134ab3c7",
                "sha256:a972cec723e0563aa0823ee2ab1df0cb196ed0778f173b381c871a03719d4826",
                "sha256:ac9bea18d6d58a995fac1b2cb4488e17eceeac413af014b1dd26170b766d8467",
                "sha256:b0531f0b0e07643eb089df4c509d30d72c9ef40defa53e41363eca8a8cc61495",
                "sha256:b208cfd4f5fe34e1535c08983a1a6803fdbc7a1e86cf13dd0c61de0b51a0aadc",
                "sha256:b3482cb7b3325faa5f6bc179649406058253d91ceda359c104dac0ad320e1391",
                "sha256:b6fb9c32a91ec32a689ec6410def76443e3c750e7cfc3fb2206b985ffb2b85f0",
                "sha256:b78ea78450fd96a498f50ee096f69c75379af5138f7881a51355ab0e11286c97",
                "sha256:bd249bc894af67cbd8bad2c22e7cbcd46cf87ddfca1f1289d1e7e54868cc785c",
                "sha256:c7d1fd447e33ee20c1f33f2c8e6634211124a9aabde3c617687d8b739aa69eac",
                "sha256:d0bbe7dd86dca64854f4b6ce2ea5c60b51e36dfd597300057cf473d3615f2369",
                "sha256:d6d6a0910c3b4368d89dde073e630882cdb266755565155bc33520283b2d9df8",
                "sha256:da1eeb460ecce8d5b8608826595c777728cdf28ce7b5a5a8c8ac8d949beadcf2",
                "sha256:e0c8854b09bc4de7b041148d8550d3bd712b5c21ff6a8ed308085f190235d7ff",
                "sha256:e0d4142eb40ca6f94539e4db929410f2a46052a0fe7a2c1c59f6179c39938d2a",
                "sha256:e9e82dcb3f2ebbc8cb5ce1102d5f1c5ed236bf8a11730fb45ba82e2841ec21df",
                "sha256:ed6906f61834d687738d25988ae117683705636936cc605be0bb208b23df4d8f"
            ],
            "index": "pypi",
            "markers": "python_version >= '3.10'",
            "version": "==2.2.2"
        },
        "pycparser": {
            "hashes": [
                "sha256:491c8be9c040f5390f5bf44a5b07752bd07f56edf992381b05c701439eec10f6",
                "sha256:c3702b6d3dd8c7abc1afa565d7e63d53a1d0bd86cdc24edd75470f4de499cfcc"
            ],
            "markers": "python_version >= '3.8'",
            "version": "==2.22"
        },
        "pygame": {
            "hashes": [
                "sha256:00827aba089355925902d533f9c41e79a799641f03746c50a374dc5c3362e43d",
                "sha256:10e3d2a55f001f6c0a6eb44aa79ea7607091c9352b946692acedb2ac1482f1c9",
                "sha256:1206125f14cae22c44565c9d333607f1d9f59487b1f1432945dfc809aeaa3e88",
                "sha256:14f9dda45469b254c0f15edaaeaa85d2cc072ff6a83584a265f5d684c7f7efd8",
                "sha256:15efaa11a80a65dd589a95bebe812fa5bfc7e14946b638a424c5bd9ac6cca1a4",
                "sha256:163e66de169bd5670c86e27d0b74aad0d2d745e3b63cf4e7eb5b2bff1231ca8d",
                "sha256:173badf82fa198e6888017bea40f511cb28e69ecdd5a72b214e81e4dcd66c3b1",
                "sha256:17498a2b043bc0e795faedef1b081199c688890200aef34991c1941caa2d2c89",
                "sha256:20349195326a5e82a16e351ed93465a7845a7e2a9af55b7bc1b2110ea3e344e1",
                "sha256:21160d9093533eb831f1b708e630706e5ac16b30750571ec27bc3b8364814f38",
                "sha256:27eb17e3dc9640e4b4683074f1890e2e879827447770470c2aba9f125f74510b",
                "sha256:28b43190436037e428a5be28fc80cf6615304fd528009f2c688cc828f4ff104b",
                "sha256:2a3a1288e2e9b1e5834e425bedd5ba01a3cd4902b5c2bff8ed4a740ccfe98171",
                "sha256:2a615d78b2364e86f541458ff41c2a46181b9a1e9eabd97b389282fdf04efbb3",
                "sha256:325a84d072d52e3c2921eff02f87c6a74b7e77d71db3bdf53801c6c975f1b6c4",
                "sha256:33006f784e1c7d7e466fcb61d5489da59cc5f7eb098712f792a225df1d4e229d",
                "sha256:3a9e7396be0d9633831c3f8d5d82dd63ba373ad65599628294b7a4f8a5a01a65",
                "sha256:3acd8c009317190c2bfd81db681ecef47d5eb108c2151d09596d9c7ea9df5c0e",
                "sha256:3bede70ec708057e305815d6546012669226d1d80566785feca9b044216062e7",
                "sha256:481cfe1bdbb7fe00acc5950c494c26f00240888619bdc396fc8c39a734797432",
                "sha256:4a8ea113b1bf627322a025a1a5a87e3818a7f55ab3a4077ff1ae5c8c60576614",
                "sha256:4c1623180e70a03c4a734deb9bac50fc9c82942ae84a3a220779062128e75f3b",
                "sha256:4ee7f2771f588c966fa2fa8b829be26698c9b4836f82ede5e4edc1a68594942e",
                "sha256:56fb02ead529cee00d415c3e007f75e0780c655909aaa8e8bf616ee09c9feb1f",
                "sha256:56ffca6059b165bbf64f4b4be23b8068f6a0e220780e4f96ec0bb5ac3c63ec39",
                "sha256:5d09fd950725d187aa5207c0cb8eb9ab0d2f8ce9ab8d189c30eeb470e71b617e",
                "sha256:6582aa71a681e02e55d43150a9ab41394e6bf4d783d2962a10aea58f424be060",
                "sha256:7103c60939bbc1e05cfc7ba3f1d2ad3bbf103b7828b82a7166a9ab6f51950146",
                "sha256:7bffdd3eaf394d9645331d1c3a5df9d782ebcc3c5a78f3b657c7879a828dd111",
                "sha256:811e7b925146d8149d79193652cbb83e0eca0aae66476b1cb310f0f4226b8b5c",
                "sha256:813af4fba5d0b2cb8e58f5d95f7910295c34067dcc290d34f1be59c48bd1ea6a",
                "sha256:816e85000c5d8b02a42b9834f761a5925ef3377d2924e3a7c4c143d2990ce5b8",
                "sha256:818b4eaec9c4acb6ac64805d4ca8edd4062bebca77bd815c18739fe2842c97e9",
                "sha256:84fc4054e25262140d09d39e094f6880d730199710829902f0d8ceae0213379e",
                "sha256:8a78fd030d98faab4a8e27878536fdff7518d3e062a72761c552f624ebba5a5f",
                "sha256:91476902426facd4bb0dad4dc3b2573bc82c95c71b135e0daaea072ed528d299",
                "sha256:94afd1177680d92f9214c54966ad3517d18210c4fbc5d84a0192d218e93647e0",
                "sha256:97ac4e13847b6b293ecaffa5ffce9886c98d09c03309406931cc592f0cea6366",
                "sha256:9beeb647e555afb5657111fa83acb74b99ad88761108eaea66472e8b8547b55b",
                "sha256:9dd5c054d4bd875a8caf978b82672f02bec332f52a833a76899220c460bb4b58",
                "sha256:a1bf7ab5311bbced70320f1a56701650b4c18231343ae5af42111eea91e0949a",
                "sha256:a4b8f04fceddd9a3ac30778d11f0254f59efcd1c382d5801271113cea8b4f2f3",
                "sha256:a620883d589926f157b8f1d1f543183ac52e5c30507dea445e3927ae0bee1c54",
                "sha256:ac3f033d2be4a9e23660a96afe2986df3a6916227538a6a0061bc218c5088507",
                "sha256:ae6039f3a55d800db80e8010f387557b528d34d534435e0871326804df2a62f2",
                "sha256:b46e68cd168f44d0224c670bb72186688fc692d7079715f79d04096757d703d0",
                "sha256:b7f9f8e6f76de36f4725175d686601214af362a4f30614b4dae2240198e72e6f",
                "sha256:bbb7167c92103a2091366e9af26d4914ba3776666e8677d3c93551353fffa626",
                "sha256:c0b11356ac96261162d54a2c2b41a41978f00525631b01ec9c4fe26b01c66595",
                "sha256:c31dbdb5d0217f32764797d21c2752e258e5fb7e895326538d82b5f75a0cd856",
                "sha256:c47a6938de93fa610accd4969e638c2aebcb29b2fca518a84c3a39d91ab47116",
                "sha256:c8040ea2ab18c6b255af706ec01355c8a6b08dc48d77fd4ee783f8fc46a843bf",
                "sha256:ce8cc108b92de9b149b344ad2e25eedbe773af0dc41dfb24d1f07f679b558c60",
                "sha256:d1a7f2b66ac2e4c9583b6d4c6d6f346fb10a3392c04163f537061f86a448ed5c",
                "sha256:d29eb9a93f12aa3d997b6e3c447ac85b2a4b142ab2548441523a8fcf5e216042",
                "sha256:da3ad64d685f84a34ebe5daacb39fff14f1251acb34c098d760d63fee768f50c",
                "sha256:ef07c0103d79492c21fced9ad68c11c32efa6801ca1920ebfd0f15fb46c78b1c",
                "sha256:f3935459109da4bb0b3901da9904f0a3e52028a3332a355d298b1673a334cf21",
                "sha256:f84f15d146d6aa93254008a626c56ef96fed276006202881a47b29757f0cd65a",
                "sha256:fb6e8d0547f30ddc845f4fd1e33070ef548233ad0dbf21f7ecea768883d1bbdc"
            ],
            "index": "pypi",
            "markers": "python_version >= '3.6'",
            "version": "==2.6.1"
        },
        "pymunk": {
            "hashes": [
                "sha256:00c37404fac0167d3a9084f0a5396c973097c47312a7dfc60b3f2a66da53a31d",
                "sha256:031f56710ca7a2bb5741cb9a1e01c579c88bf1d6cb9a72efc26f7951c6648da5",
                "sha256:0345b6fed28b41dfb7d5973a96335f40a19c7c62ecc6941d3a27459ce490c76f",
                "sha256:10fed53ea5d0cb3c8c75ad3352c48f534bb03b19f262b539704108a3f232e7d2",
                "sha256:1f9133c86a5e1509613043eb1afdc1d9430dfe7f8dfd66ea27bb46acfa1a8d9a",
                "sha256:1fee1d496e72b4ac795875bd0e7f2089583b5746d55e6b1bd074e4e228b1b695",
                "sha256:20d93c66fe4928fa828604207547b18e01ed578629c352ca2e1921b00af6ccf4",
                "sha256:21103d3660dd46c913ed0888cb2602d00aad77a66d81edd36349132a3dd25f91",
                "sha256:22928a950db49f66b12ac33de21953b0a896c405727c91f78100300c8b60635e",
                "sha256:2c266e6228831ea16b469008159d1267584e7635dc334d260b1a1a219bc35a8b",
                "sha256:2fc76d66e4f44e5acc6a96172aaa45a9da4ede17eb90580e844cde8a956b68ab",
                "sha256:306ac1a5790ff0203d4704c588933c9fd8092119af3623c417b55b0be805aa53",
                "sha256:39d19e759a7b5664350eea7e1ae358a679d01e714443a854c2a9a64116920dc9",
                "sha256:3ac6e70b98281ffe8020d7aef950418cf3811b904d3a11c5455cf4d86eccf796",
                "sha256:3e7d40a102099507fc4a5e51b638151d47d0cc4c1c6adfb1fbcf5a856b7cec90",
                "sha256:463ac2dca6d7090ac133bffbabe38b00589ae9b600c8e63ab7ef6af281f2107d",
                "sha256:463af5777857d42f0dccceae52d18d476d65fb10ebe2a4555de76f556f136460",
                "sha256:496e78423ed709750a0e5820a5b4158d6f0e204dc90c7124fe9b53e6c663d2f4",
                "sha256:5101ec2488a59bcedd11eef66dbe0ced18a63b4ae0843350b84f4e13c5dfc139",
                "sha256:513a6c64059083db5df4710792f308465d6d7d4dba08a4130c656422ded1321b",
                "sha256:54180ea60a96549d9ee9d9398a19d44667099e82e6794c0e22d326998bd8b4e3",
                "sha256:57242ec485ea6359b8941013f6a79593cb25a3bc9f97a793762a53bea50e7f29",
                "sha256:5734f9e5155780e9b95b1109ebd6ff06f007122ad69b81735dd1d2aea6191006",
                "sha256:5bedf33acda3ef01b376342ec342a7827dac3432ce6a635741fa752ba172e2ff",
                "sha256:5c8f241e5e37eea7c285f055320e34adcead10845ffc0d2f886dcf5a3a0c6fdd",
                "sha256:6abe61213af2fe9ba2f2b87c90d8dead2066f85f1bd65b86c6d63a99a8ac29e5",
                "sha256:6cfe3323fa4b554bf2ea07c56eb879477e4a27d7f5a401077a966cf161ba72b4",
                "sha256:6dec1b8ddc5ac1574ed2501679df65f451908bfdb8382f45a049fe05bbd77206",
                "sha256:7656b5f6def4272cd53b5476f64f5f7a66578630a6f92137f26a2e3d8572cd09",
                "sha256:76ee20adbf40a93f85963083a1d36b860e1f6cd7b06a27029d0d388b8775cdf9",
                "sha256:7fc0e25d52752adea82eaae29077de08090e05e9e4d025affe80ad0239e39839",
                "sha256:8378bc0ca871e3430346523c72c0259e9499c3794f5f51c89649b7d40e56e44d",
                "sha256:90df332f37fe67351aaf0c0dccec01f9f9d07845e19a6d11feb37b4cf07759c8",
                "sha256:9567f4288a933d6d96e94c7710925b41e3ca0cd93799e8b34517ec943f66932b",
                "sha256:986f807fe44da499178e221bac614bc5aa11c34077887ffae8865c379d2e341e",
                "sha256:9894a5c410567e694237a9e10df297783d358658cee8f648ab3846d7a0cf8b23",
                "sha256:9dcc496808ef6f5752ed1a5ead35098a596e661e9f625f978ed204ccf539bb23",
                "sha256:a02c70bcc11a8829c5ada64befe0a5468c4b6ae964a91fe25573d309c615dd93",
                "sha256:a521dfac30947f2320370ae67d72ffb7141eb10b474d5f2d810313bfce3a950b",
                "sha256:aabdd315a76ec972726419ce644f62adc0d51dfe540003554cd00afdb1aeda0b",
                "sha256:adac693cf90018b55403e91fa8b0efa807ff584440c49cc0f1d0cb7a9e92ebf2",
                "sha256:aeaa9fe45b7e8cc9d694fe1a65d66e6e3cbb089b72fc60c3879040ca1ce94d42",
                "sha256:af064efe6ac4f56bbdcee99675e3b341a7e9190c24bfbf1c455a4169baa6799d",
                "sha256:b40e4f0fb77d5f7ce73a0faa89d2dc55ca2ee1cdf44e2a8a89a1acabff4b505d",
                "sha256:b6ff89fc966123d0696a4ed887f92f64fbcf7302fa77d93c659a12d104d33bd2",
                "sha256:befe5208ada85750b8b0624c09b6ad2fc472d2bca8a523b623e43eaa264a4713",
                "sha256:c3cc233c194b0e7e895c0a990e9b5777145c5a4b59b4efaace7ce5eeb60a0cfa",
                "sha256:cce20c4f7f9bf2df4334448099b3e736bf926b99069fda78c245c36304d2a285",
                "sha256:d046d972124a19a215b55f42e611b91e96536800ecc931cfd89cd8f91ee08422",
                "sha256:d283441141df0be208c5511dd15073c4b7516817962f88526832fac14c906a5e",
                "sha256:db5184355a72dd5b4d8fdee6960296ff4829cafa9d8596f7833e230dd439ca29",
                "sha256:dbd45427f27d93ec3a6a537bbf416ad810de6507648a63626a35a7dd10fd0da2",
                "sha256:dc7b0192dd1a8d15be08c91a596ccaf78b9a3d8643ca8374f543bbf90ded7d85",
                "sha256:e483827a0d74a306d252247004a2fb588d79eb7053517b3e7b27a078818956e8",
                "sha256:e76708c8015e5263fc31103b5775eae26020ec5c8f8d9abb9b30621fee06edab",
                "sha256:ef988643eda90bed7cb5e84724c5858a0baf2fb1ef0a9ed913212292d410e7ec",
                "sha256:f0ea43eda245aa85ee4dc0225d40346c7f50134372162179841cd2a4808a9c85",
                "sha256:f95a70b1d32095579e2ed4ca03473ddb7163283f6d278495bde95dfc9229e55e",
                "sha256:febe659290ea06d24c6fe69bfa010f45f240884aa6da4c1dfc2b33fba5ccd093"
            ],
            "index": "pypi",
            "markers": "python_version >= '3.8'",
            "version": "==6.11.0"
        }
    },
    "develop": {}
}
